
Microsoft Visual Studio Solution File, Format Version 12.00
# Visual Studio Version 16
VisualStudioVersion = 16.0.31515.178
MinimumVisualStudioVersion = 10.0.40219.1
Project("{9A19103F-16F7-4668-BE54-9A1E7A4F7556}") = "Zork.ConsoleApp", "Zork.ConsoleApp\Zork.ConsoleApp.csproj", "{665FDA09-1F68-492C-9AEF-654B9817429E}"
EndProject
Project("{9A19103F-16F7-4668-BE54-9A1E7A4F7556}") = "Zork.Tests", "Zork.Tests\Zork.Tests.csproj", "{61991733-2C1B-49DB-914C-77D22D783255}"
EndProject
Project("{FAE04EC0-301F-11D3-BF4B-00C04F79EFBC}") = "Zork.Common", "Zork.Common\Zork.Common.csproj", "{9539847A-B1FB-4580-B15D-15A82901A76E}"
EndProject
Global
	GlobalSection(SolutionConfigurationPlatforms) = preSolution
		Debug|Any CPU = Debug|Any CPU
		Release|Any CPU = Release|Any CPU
	EndGlobalSection
	GlobalSection(ProjectConfigurationPlatforms) = postSolution
		{665FDA09-1F68-492C-9AEF-654B9817429E}.Debug|Any CPU.ActiveCfg = Debug|Any CPU
		{665FDA09-1F68-492C-9AEF-654B9817429E}.Debug|Any CPU.Build.0 = Debug|Any CPU
		{665FDA09-1F68-492C-9AEF-654B9817429E}.Release|Any CPU.ActiveCfg = Release|Any CPU
		{665FDA09-1F68-492C-9AEF-654B9817429E}.Release|Any CPU.Build.0 = Release|Any CPU
		{61991733-2C1B-49DB-914C-77D22D783255}.Debug|Any CPU.ActiveCfg = Debug|Any CPU
		{61991733-2C1B-49DB-914C-77D22D783255}.Debug|Any CPU.Build.0 = Debug|Any CPU
		{61991733-2C1B-49DB-914C-77D22D783255}.Release|Any CPU.ActiveCfg = Release|Any CPU
		{61991733-2C1B-49DB-914C-77D22D783255}.Release|Any CPU.Build.0 = Release|Any CPU
		{9539847A-B1FB-4580-B15D-15A82901A76E}.Debug|Any CPU.ActiveCfg = Debug|Any CPU
		{9539847A-B1FB-4580-B15D-15A82901A76E}.Debug|Any CPU.Build.0 = Debug|Any CPU
		{9539847A-B1FB-4580-B15D-15A82901A76E}.Release|Any CPU.ActiveCfg = Release|Any CPU
		{9539847A-B1FB-4580-B15D-15A82901A76E}.Release|Any CPU.Build.0 = Release|Any CPU
	EndGlobalSection
	GlobalSection(SolutionProperties) = preSolution
		HideSolutionNode = FALSE
	EndGlobalSection
	GlobalSection(ExtensibilityGlobals) = postSolution
		SolutionGuid = {4235B9AF-82AB-4F52-B159-DCB7CB9ECB2B}
	EndGlobalSection
EndGlobal
